github.com/nightlyone/lockfile v1.0.0 h1:RHep2cFKK4PonZJDdEl4GmkabuhbsRMgk/k3uAmxBiA=
github.com/nightlyone/lockfile v1.0.0/go.mod h1:rywoIealpdNse2r832aiD9jRk8ErCatROs6LzC841CI=
github.com/zerodha/logf v0.5.5 h1:AhxHlixHNYwhFjvlgTv6uO4VBKYKxx2I6SbHoHtWLBk=
github.com/zerodha/logf v0.5.5/go.mod h1:HWpfKsie+WFFpnUnUxelT6Z0FC6xu9+qt+oXNMPg6y8=
