{
  "nodes": {
    "agenix": {
      "inputs": {
        "nixpkgs": [
          "ragenix",
          "nixpkgs"
        ]
      },
      "locked": {
        "lastModified": 1664140963,
        "narHash": "sha256-pFxDtOLduRFlol0Y4ShE+soRQX4kbhaCNBtDOvx7ykw=",
        "owner": "ryantm",
        "repo": "agenix",
        "rev": "6acb1fe5f8597d5ce63fc82bc7fcac7774b1cdf0",
        "type": "github"
      },
      "original": {
        "owner": "ryantm",
        "repo": "agenix",
        "type": "github"
      }
    },
    "base16-schemes": {
      "flake": false,
      "locked": {
        "lastModified": 1654895891,
        "narHash": "sha256-xYYmZkHnyLCUBAkqkZ7v1Lc5m39857MukQLMRtGuvdk=",
        "owner": "base16-project",
        "repo": "base16-schemes",
        "rev": "7c247f734eac7f04518c6e28d098635ee8dcabf5",
        "type": "github"
      },
      "original": {
        "owner": "base16-project",
        "repo": "base16-schemes",
        "type": "github"
      }
    },
    "blank": {
      "locked": {
        "lastModified": 1625557891,
        "narHash": "sha256-O8/MWsPBGhhyPoPLHZAuoZiiHo9q6FLlEeIDEXuj6T4=",
        "owner": "divnix",
        "repo": "blank",
        "rev": "5a5d2684073d9f563072ed07c871d577a6c614a8",
        "type": "github"
      },
      "original": {
        "owner": "divnix",
        "repo": "blank",
        "type": "github"
      }
    },
    "colors": {
      "inputs": {
        "base16-schemes": "base16-schemes",
        "nixpkgs-lib": "nixpkgs-lib"
      },
      "locked": {
        "lastModified": 1664216202,
        "narHash": "sha256-7qXPLkgsXpi2nmxGN14DVZWMFw4QIx7foqEN6GXeTj8=",
        "owner": "misterio77",
        "repo": "nix-colors",
        "rev": "bb56fe29c3e16029a783b7a85354fc14098f2560",
        "type": "github"
      },
      "original": {
        "owner": "misterio77",
        "repo": "nix-colors",
        "type": "github"
      }
    },
    "darwin": {
      "inputs": {
        "nixpkgs": [
          "nixos"
        ]
      },
      "locked": {
        "lastModified": 1651590401,
        "narHash": "sha256-q197oN//FsB/6huYGI83i4s6zKXymu7zDSWSjpBtLrA=",
        "owner": "ryantking",
        "repo": "nix-darwin",
        "rev": "48af105ada29be4c2efb96ea55893a1c6065d91d",
        "type": "github"
      },
      "original": {
        "owner": "ryantking",
        "repo": "nix-darwin",
        "type": "github"
      }
    },
    "deploy": {
      "inputs": {
        "flake-compat": "flake-compat",
        "nixpkgs": [
          "nixos"
        ],
        "utils": "utils"
      },
      "locked": {
        "lastModified": 1659725433,
        "narHash": "sha256-1ZxuK67TL29YLw88vQ18Y2Y6iYg8Jb7I6/HVzmNB6nM=",
        "owner": "serokell",
        "repo": "deploy-rs",
        "rev": "41f15759dd8b638e7b4f299730d94d5aa46ab7eb",
        "type": "github"
      },
      "original": {
        "owner": "serokell",
        "repo": "deploy-rs",
        "type": "github"
      }
    },
    "devshell": {
      "inputs": {
        "flake-utils": "flake-utils",
        "nixpkgs": [
          "nixos"
        ]
      },
      "locked": {
        "lastModified": 1663445644,
        "narHash": "sha256-+xVlcK60x7VY1vRJbNUEAHi17ZuoQxAIH4S4iUFUGBA=",
        "owner": "numtide",
        "repo": "devshell",
        "rev": "e3dc3e21594fe07bdb24bdf1c8657acaa4cb8f66",
        "type": "github"
      },
      "original": {
        "owner": "numtide",
        "repo": "devshell",
        "type": "github"
      }
    },
    "digga": {
      "inputs": {
        "blank": "blank",
        "darwin": [
          "darwin"
        ],
        "deploy": [
          "deploy"
        ],
        "devshell": [
          "devshell"
        ],
        "flake-compat": "flake-compat_2",
        "flake-utils-plus": "flake-utils-plus",
        "home-manager": [
          "home"
        ],
        "latest": "latest",
        "nixlib": [
          "nixos"
        ],
        "nixpkgs": [
          "nixos"
        ],
        "nixpkgs-unstable": "nixpkgs-unstable"
      },
      "locked": {
        "lastModified": 1659623226,
        "narHash": "sha256-ewEjGFjQf37ymcqBoO8q2SrvfKGgm8nW91NJ+0NQufw=",
        "owner": "divnix",
        "repo": "digga",
        "rev": "34877733b78cb9e8a1345328a7e1a380101bee41",
        "type": "github"
      },
      "original": {
        "owner": "divnix",
        "ref": "home-manager-22.11",
        "repo": "digga",
        "type": "github"
      }
    },
    "emacs": {
      "inputs": {
        "flake-utils": "flake-utils_3",
        "nixpkgs": "nixpkgs"
      },
      "locked": {
        "lastModified": 1664917586,
        "narHash": "sha256-xWGi56mAOTbaRAdhyVfI4qdxjX8fXmbOtgUV8/eE53w=",
        "owner": "nix-community",
        "repo": "emacs-overlay",
        "rev": "4ff762be71c3f2c733f5e2247b3e32097b91d998",
        "type": "github"
      },
      "original": {
        "owner": "nix-community",
        "repo": "emacs-overlay",
        "type": "github"
      }
    },
    "flake-compat": {
      "flake": false,
      "locked": {
        "lastModified": 1648199409,
        "narHash": "sha256-JwPKdC2PoVBkG6E+eWw3j6BMR6sL3COpYWfif7RVb8Y=",
        "owner": "edolstra",
        "repo": "flake-compat",
        "rev": "64a525ee38886ab9028e6f61790de0832aa3ef03",
        "type": "github"
      },
      "original": {
        "owner": "edolstra",
        "repo": "flake-compat",
        "type": "github"
      }
    },
    "flake-compat_2": {
      "flake": false,
      "locked": {
        "lastModified": 1650374568,
        "narHash": "sha256-Z+s0J8/r907g149rllvwhb4pKi8Wam5ij0st8PwAh+E=",
        "owner": "edolstra",
        "repo": "flake-compat",
        "rev": "b4a34015c698c7793d592d66adbab377907a2be8",
        "type": "github"
      },
      "original": {
        "owner": "edolstra",
        "repo": "flake-compat",
        "type": "github"
      }
    },
    "flake-compat_3": {
      "flake": false,
      "locked": {
        "lastModified": 1650374568,
        "narHash": "sha256-Z+s0J8/r907g149rllvwhb4pKi8Wam5ij0st8PwAh+E=",
        "owner": "edolstra",
        "repo": "flake-compat",
        "rev": "b4a34015c698c7793d592d66adbab377907a2be8",
        "type": "github"
      },
      "original": {
        "owner": "edolstra",
        "repo": "flake-compat",
        "type": "github"
      }
    },
    "flake-parts": {
      "inputs": {
        "nixpkgs": [
          "treefmt",
          "nixpkgs"
        ]
      },
      "locked": {
        "lastModified": 1663686189,
        "narHash": "sha256-cgWGo0SLM4RX0DqodeFHsU0PRGlmz6AOSF1lmX21bvg=",
        "owner": "hercules-ci",
        "repo": "flake-parts",
        "rev": "f17e9dba098c0a7bca10029bec5384fd6425c157",
        "type": "github"
      },
      "original": {
        "owner": "hercules-ci",
        "repo": "flake-parts",
        "type": "github"
      }
    },
    "flake-utils": {
      "locked": {
        "lastModified": 1642700792,
        "narHash": "sha256-XqHrk7hFb+zBvRg6Ghl+AZDq03ov6OshJLiSWOoX5es=",
        "owner": "numtide",
        "repo": "flake-utils",
        "rev": "846b2ae0fc4cc943637d3d1def4454213e203cba",
        "type": "github"
      },
      "original": {
        "owner": "numtide",
        "repo": "flake-utils",
        "type": "github"
      }
    },
    "flake-utils-plus": {
      "inputs": {
        "flake-utils": "flake-utils_2"
      },
      "locked": {
        "lastModified": 1654029967,
        "narHash": "sha256-my3GQ3mQIw/1f6GPV1IhUZrcYQSWh0YJAMPNBjhXJDw=",
        "owner": "gytis-ivaskevicius",
        "repo": "flake-utils-plus",
        "rev": "6271cf3842ff9c8a9af9e3508c547f86bc77d199",
        "type": "github"
      },
      "original": {
        "owner": "gytis-ivaskevicius",
        "ref": "refs/pull/120/head",
        "repo": "flake-utils-plus",
        "type": "github"
      }
    },
    "flake-utils_2": {
      "locked": {
        "lastModified": 1644229661,
        "narHash": "sha256-1YdnJAsNy69bpcjuoKdOYQX0YxZBiCYZo4Twxerqv7k=",
        "owner": "numtide",
        "repo": "flake-utils",
        "rev": "3cecb5b042f7f209c56ffd8371b2711a290ec797",
        "type": "github"
      },
      "original": {
        "owner": "numtide",
        "repo": "flake-utils",
        "type": "github"
      }
    },
    "flake-utils_3": {
      "locked": {
        "lastModified": 1659877975,
        "narHash": "sha256-zllb8aq3YO3h8B/U0/J1WBgAL8EX5yWf5pMj3G0NAmc=",
        "owner": "numtide",
        "repo": "flake-utils",
        "rev": "c0e246b9b83f637f4681389ecabcb2681b4f3af0",
        "type": "github"
      },
      "original": {
        "owner": "numtide",
        "repo": "flake-utils",
        "type": "github"
      }
    },
    "flake-utils_4": {
      "locked": {
        "lastModified": 1659877975,
        "narHash": "sha256-zllb8aq3YO3h8B/U0/J1WBgAL8EX5yWf5pMj3G0NAmc=",
        "owner": "numtide",
        "repo": "flake-utils",
        "rev": "c0e246b9b83f637f4681389ecabcb2681b4f3af0",
        "type": "github"
      },
      "original": {
        "owner": "numtide",
        "repo": "flake-utils",
        "type": "github"
      }
    },
    "flake-utils_5": {
      "locked": {
        "lastModified": 1659877975,
        "narHash": "sha256-zllb8aq3YO3h8B/U0/J1WBgAL8EX5yWf5pMj3G0NAmc=",
        "owner": "numtide",
        "repo": "flake-utils",
        "rev": "c0e246b9b83f637f4681389ecabcb2681b4f3af0",
        "type": "github"
      },
      "original": {
        "owner": "numtide",
        "repo": "flake-utils",
        "type": "github"
      }
    },
    "home": {
      "inputs": {
        "nixpkgs": [
          "nixpkgs-darwin"
        ]
      },
      "locked": {
        "lastModified": 1652899622,
        "narHash": "sha256-dlvXkufinGiLfCIxkLpHFzV/nYC4f8936aus1ULVE5M=",
        "owner": "ryantking",
        "repo": "home-manager",
        "rev": "04a9585bcf1cfa1fbac9202ed8a00bf953f871e8",
        "type": "github"
      },
      "original": {
        "owner": "ryantking",
        "ref": "mbsync-launchd",
        "repo": "home-manager",
        "type": "github"
      }
    },
    "latest": {
      "locked": {
        "lastModified": 1657356697,
        "narHash": "sha256-sT38tcx7m0Quz+Uj6jzx+yRa2+EVW2C3cE0FkROXUzQ=",
        "owner": "nixos",
        "repo": "nixpkgs",
        "rev": "87e7965bbcdbac3d103e3ed14ff04f719a4f7a58",
        "type": "github"
      },
      "original": {
        "owner": "nixos",
        "ref": "nixos-unstable",
        "repo": "nixpkgs",
        "type": "github"
      }
    },
    "latest_2": {
      "locked": {
        "lastModified": 1664847737,
        "narHash": "sha256-Wxl0CtRH3Vo8+qEZ/PbCcx+9D8wEEi56tJPmROum2ss=",
        "owner": "NixOS",
        "repo": "nixpkgs",
        "rev": "de80d1d04ee691279e1302a1128c082bbda3ab01",
        "type": "github"
      },
      "original": {
        "owner": "NixOS",
        "ref": "nixpkgs-unstable",
        "repo": "nixpkgs",
        "type": "github"
      }
    },
    "naersk": {
      "inputs": {
        "nixpkgs": [
          "nixos"
        ]
      },
      "locked": {
        "lastModified": 1662220400,
        "narHash": "sha256-9o2OGQqu4xyLZP9K6kNe1pTHnyPz0Wr3raGYnr9AIgY=",
        "owner": "nix-community",
        "repo": "naersk",
        "rev": "6944160c19cb591eb85bbf9b2f2768a935623ed3",
        "type": "github"
      },
      "original": {
        "owner": "nix-community",
        "repo": "naersk",
        "type": "github"
      }
    },
    "nixlib": {
      "locked": {
        "lastModified": 1636849918,
        "narHash": "sha256-nzUK6dPcTmNVrgTAC1EOybSMsrcx+QrVPyqRdyKLkjA=",
        "owner": "nix-community",
        "repo": "nixpkgs.lib",
        "rev": "28a5b0557f14124608db68d3ee1f77e9329e9dd5",
        "type": "github"
      },
      "original": {
        "owner": "nix-community",
        "repo": "nixpkgs.lib",
        "type": "github"
      }
    },
    "nixos": {
      "locked": {
        "lastModified": 1664790708,
        "narHash": "sha256-fzxmpOPjzOVIt9KeDN4EDPI13xJn+u0uMxheKCWken8=",
        "owner": "nixos",
        "repo": "nixpkgs",
        "rev": "81a3237b64e67b66901c735654017e75f0c50943",
        "type": "github"
      },
      "original": {
        "owner": "nixos",
        "ref": "nixos-22.05",
        "repo": "nixpkgs",
        "type": "github"
      }
    },
    "nixos-generators": {
      "inputs": {
        "nixlib": "nixlib",
        "nixpkgs": "nixpkgs_2"
      },
      "locked": {
        "lastModified": 1660727616,
        "narHash": "sha256-zYTIvdPMYMx/EYqXODAwIIU30RiEHqNHdgarIHuEYZc=",
        "owner": "nix-community",
        "repo": "nixos-generators",
        "rev": "adccd191a0e83039d537e021f19495b7bad546a1",
        "type": "github"
      },
      "original": {
        "owner": "nix-community",
        "repo": "nixos-generators",
        "type": "github"
      }
    },
    "nixpkgs": {
      "locked": {
        "lastModified": 1664790708,
        "narHash": "sha256-fzxmpOPjzOVIt9KeDN4EDPI13xJn+u0uMxheKCWken8=",
        "path": "/nix/store/bmyw96kdilalipziklp47rva12f0fhbz-source",
        "rev": "81a3237b64e67b66901c735654017e75f0c50943",
        "type": "path"
      },
      "original": {
        "id": "nixpkgs",
        "type": "indirect"
      }
    },
    "nixpkgs-darwin": {
      "locked": {
        "lastModified": 1664158485,
        "narHash": "sha256-OJjPilaj2R0yAwjg4O96iJLWKoW2+TeLlDpk0yF73xE=",
        "owner": "nixos",
        "repo": "nixpkgs",
        "rev": "058d97782ed561787a6b2186854d29c94fd4fc0c",
        "type": "github"
      },
      "original": {
        "owner": "nixos",
        "ref": "nixpkgs-22.05-darwin",
        "repo": "nixpkgs",
        "type": "github"
      }
    },
    "nixpkgs-lib": {
      "locked": {
        "lastModified": 1655599917,
        "narHash": "sha256-kjZbt5WdTrnjMxL79okg9TCoRUdADG50x/TWozbyTsE=",
        "owner": "nix-community",
        "repo": "nixpkgs.lib",
        "rev": "5fb55578aa2f1a502d636a8ac71aece57cb730bb",
        "type": "github"
      },
      "original": {
        "owner": "nix-community",
        "repo": "nixpkgs.lib",
        "type": "github"
      }
    },
    "nixpkgs-unstable": {
      "locked": {
        "lastModified": 1657413868,
        "narHash": "sha256-qDC9kUZhGhoDtOzhd6kIMUQHRZNys6/xsJAWrJB+gqU=",
        "owner": "nixos",
        "repo": "nixpkgs",
        "rev": "7802f1b6479d6f04bea5cc94e8290ea61e210ecf",
        "type": "github"
      },
      "original": {
        "owner": "nixos",
        "ref": "nixpkgs-unstable",
        "repo": "nixpkgs",
        "type": "github"
      }
    },
    "nixpkgs_2": {
      "locked": {
        "lastModified": 1637186689,
        "narHash": "sha256-NU7BhgnwA/3ibmCeSzFK6xGi+Bari9mPfn+4cBmyEjw=",
        "owner": "NixOS",
        "repo": "nixpkgs",
        "rev": "7fad01d9d5a3f82081c00fb57918d64145dc904c",
        "type": "github"
      },
      "original": {
        "owner": "NixOS",
        "ref": "nixpkgs-unstable",
        "repo": "nixpkgs",
        "type": "github"
      }
    },
    "nixpkgs_3": {
      "locked": {
        "lastModified": 1663819708,
        "narHash": "sha256-nKyJpwzGoV+5BNLHlrEMawsDxR1i6WOXqTcHWrWE8y4=",
        "owner": "NixOS",
        "repo": "nixpkgs",
        "rev": "f586d35a11ec07ced41d9d62c125c6ca0006141f",
        "type": "github"
      },
      "original": {
        "owner": "NixOS",
        "ref": "nixpkgs-unstable",
        "repo": "nixpkgs",
        "type": "github"
      }
    },
    "nvfetcher": {
      "inputs": {
        "flake-compat": "flake-compat_3",
        "flake-utils": "flake-utils_4",
        "nixpkgs": [
          "nixos"
        ]
      },
      "locked": {
        "lastModified": 1664550666,
        "narHash": "sha256-eXfMRd9uItEp3PsYI31FSVGPG9dVC6yF++65ZrGwW8A=",
        "owner": "berberman",
        "repo": "nvfetcher",
        "rev": "9763ad40d59a044e90726653d9253efaeeb053b2",
        "type": "github"
      },
      "original": {
        "owner": "berberman",
        "repo": "nvfetcher",
        "type": "github"
      }
    },
    "ragenix": {
      "inputs": {
        "agenix": "agenix",
        "flake-utils": "flake-utils_5",
        "nixpkgs": [
          "nixos"
        ],
        "rust-overlay": "rust-overlay"
      },
      "locked": {
        "lastModified": 1664808052,
        "narHash": "sha256-WDaebKKvxKYVwpKF1wkANSHohj7eUXUQIaGkJHOlcIM=",
        "owner": "yaxitech",
        "repo": "ragenix",
        "rev": "033bfde54720ce830a2a7569d037ffaa6f12a96f",
        "type": "github"
      },
      "original": {
        "owner": "yaxitech",
        "repo": "ragenix",
        "type": "github"
      }
    },
    "rnix-lsp": {
      "inputs": {
        "naersk": [
          "naersk"
        ],
        "nixpkgs": [
          "nixos"
        ],
        "utils": "utils_2"
      },
      "locked": {
        "lastModified": 1663380950,
        "narHash": "sha256-OKLyIXIXhUnRB3Xw+7zI3u6XkwF7Mrbfz1XaasV6i7Q=",
        "owner": "nix-community",
        "repo": "rnix-lsp",
        "rev": "6925256babec4307479a4080b44f2be38056f210",
        "type": "github"
      },
      "original": {
        "owner": "nix-community",
        "repo": "rnix-lsp",
        "type": "github"
      }
    },
    "root": {
      "inputs": {
        "colors": "colors",
        "darwin": "darwin",
        "deploy": "deploy",
        "devshell": "devshell",
        "digga": "digga",
        "emacs": "emacs",
        "home": "home",
        "latest": "latest_2",
        "naersk": "naersk",
        "nixos": "nixos",
        "nixos-generators": "nixos-generators",
        "nixpkgs": [
          "nixos"
        ],
        "nixpkgs-darwin": "nixpkgs-darwin",
        "nvfetcher": "nvfetcher",
        "ragenix": "ragenix",
        "rnix-lsp": "rnix-lsp",
        "treefmt": "treefmt"
      }
    },
    "rust-overlay": {
      "inputs": {
        "flake-utils": [
          "ragenix",
          "flake-utils"
        ],
        "nixpkgs": [
          "ragenix",
          "nixpkgs"
        ]
      },
      "locked": {
        "lastModified": 1664734860,
        "narHash": "sha256-Agin7U5+AhlVqPCZAhlAMlRnoV7rGIZXtDsPspF/DRg=",
        "owner": "oxalica",
        "repo": "rust-overlay",
        "rev": "5db6b63124ccedd61e896ec98def85fb4e6668f4",
        "type": "github"
      },
      "original": {
        "owner": "oxalica",
        "repo": "rust-overlay",
        "type": "github"
      }
    },
    "treefmt": {
      "inputs": {
        "flake-parts": "flake-parts",
        "nixpkgs": "nixpkgs_3"
      },
      "locked": {
        "lastModified": 1663856728,
        "narHash": "sha256-TaHl/PQ8uI9DB2GUPMUy32oFnMcdx1+5DU6l/ZTCXms=",
        "owner": "numtide",
        "repo": "treefmt",
        "rev": "da42d37d6c6feaa632e2e964c2d101aa17bd6368",
        "type": "github"
      },
      "original": {
        "owner": "numtide",
        "repo": "treefmt",
        "type": "github"
      }
    },
    "utils": {
      "locked": {
        "lastModified": 1648297722,
        "narHash": "sha256-W+qlPsiZd8F3XkzXOzAoR+mpFqzm3ekQkJNa+PIh1BQ=",
        "owner": "numtide",
        "repo": "flake-utils",
        "rev": "0f8662f1319ad6abf89b3380dd2722369fc51ade",
        "type": "github"
      },
      "original": {
        "owner": "numtide",
        "repo": "flake-utils",
        "type": "github"
      }
    },
    "utils_2": {
      "locked": {
        "lastModified": 1656928814,
        "narHash": "sha256-RIFfgBuKz6Hp89yRr7+NR5tzIAbn52h8vT6vXkYjZoM=",
        "owner": "numtide",
        "repo": "flake-utils",
        "rev": "7e2a3b3dfd9af950a856d66b0a7d01e3c18aa249",
        "type": "github"
      },
      "original": {
        "owner": "numtide",
        "repo": "flake-utils",
        "type": "github"
      }
    }
  },
  "root": "root",
  "version": 7
}
