{
  "nodes": {
    "devshell": {
      "locked": {
        "lastModified": 1613310953,
        "narHash": "sha256-GhAwxJ0Jfsj8LIQmEQylpVkcThUJgPChjo48DZeBQZA=",
        "owner": "numtide",
        "repo": "devshell",
        "rev": "f64db97388dda7c2c6f8fb7aa5d6d08365fb1e01",
        "type": "github"
      },
      "original": {
        "owner": "numtide",
        "repo": "devshell",
        "type": "github"
      }
    },
    "flake-compat": {
      "flake": false,
      "locked": {
        "lastModified": 1627913399,
        "narHash": "sha256-hY8g6H2KFL8ownSiFeMOjwPC8P0ueXpCVEbxgda3pko=",
        "owner": "edolstra",
        "repo": "flake-compat",
        "rev": "12c64ca55c1014cdc1b16ed5a804aa8576601ff2",
        "type": "github"
      },
      "original": {
        "owner": "edolstra",
        "repo": "flake-compat",
        "type": "github"
      }
    },
    "flake-utils": {
      "locked": {
        "lastModified": 1629481132,
        "narHash": "sha256-JHgasjPR0/J1J3DRm4KxM4zTyAj4IOJY8vIl75v/kPI=",
        "owner": "numtide",
        "repo": "flake-utils",
        "rev": "997f7efcb746a9c140ce1f13c72263189225f482",
        "type": "github"
      },
      "original": {
        "owner": "numtide",
        "repo": "flake-utils",
        "type": "github"
      }
    },
    "flake-utils_2": {
      "locked": {
        "lastModified": 1610051610,
        "narHash": "sha256-U9rPz/usA1/Aohhk7Cmc2gBrEEKRzcW4nwPWMPwja4Y=",
        "owner": "numtide",
        "repo": "flake-utils",
        "rev": "3982c9903e93927c2164caa727cd3f6a0e6d14cc",
        "type": "github"
      },
      "original": {
        "owner": "numtide",
        "repo": "flake-utils",
        "type": "github"
      }
    },
    "home-manager": {
      "inputs": {
        "nixpkgs": [
          "nixpkgs"
        ]
      },
      "locked": {
        "lastModified": 1633725401,
        "narHash": "sha256-RxqoMcyh1NMAtmUJ4b3Gq9IN1NhWuCjTXvMoho8RZYQ=",
        "owner": "nix-community",
        "repo": "home-manager",
        "rev": "fd2f746016e3d99bdc3c86736d30f2ca7594929a",
        "type": "github"
      },
      "original": {
        "owner": "nix-community",
        "repo": "home-manager",
        "type": "github"
      }
    },
    "naersk": {
      "inputs": {
        "nixpkgs": [
          "rnix-lsp",
          "nixpkgs"
        ]
      },
      "locked": {
        "lastModified": 1629707199,
        "narHash": "sha256-sGxlmfp5eXL5sAMNqHSb04Zq6gPl+JeltIZ226OYN0w=",
        "owner": "nmattia",
        "repo": "naersk",
        "rev": "df71f5e4babda41cd919a8684b72218e2e809fa9",
        "type": "github"
      },
      "original": {
        "owner": "nmattia",
        "repo": "naersk",
        "type": "github"
      }
    },
    "naersk_2": {
      "inputs": {
        "nixpkgs": [
          "treefmt",
          "nixpkgs"
        ]
      },
      "locked": {
        "lastModified": 1612192764,
        "narHash": "sha256-7EnLtZQWP6511G1ZPA7FmJlqAr3hWsAYb24tvTvJ/ec=",
        "owner": "nmattia",
        "repo": "naersk",
        "rev": "6e149bfd726a8ebefa415f2d713ba6d942435abd",
        "type": "github"
      },
      "original": {
        "owner": "nmattia",
        "repo": "naersk",
        "type": "github"
      }
    },
    "neovim-flake": {
      "inputs": {
        "flake-utils": "flake-utils",
        "nixpkgs": [
          "neovim-nightly-overlay",
          "nixpkgs"
        ]
      },
      "locked": {
        "dir": "contrib",
        "lastModified": 1633828546,
        "narHash": "sha256-JFB2HuulkhA2XbTZ42x2euEDvWa99JVygQOGKvAUwVU=",
        "owner": "neovim",
        "repo": "neovim",
        "rev": "f4359b5dbdd5ed9aa230532382edd7eb6cd0a61b",
        "type": "github"
      },
      "original": {
        "dir": "contrib",
        "owner": "neovim",
        "repo": "neovim",
        "type": "github"
      }
    },
    "neovim-nightly-overlay": {
      "inputs": {
        "flake-compat": "flake-compat",
        "neovim-flake": "neovim-flake",
        "nixpkgs": "nixpkgs"
      },
      "locked": {
        "lastModified": 1633853551,
        "narHash": "sha256-lgrnRLMgRfMgxhplysQM90SlmHRpBWanLi3ZFYv2kko=",
        "owner": "nix-community",
        "repo": "neovim-nightly-overlay",
        "rev": "987450d4b0b6943d7fb20d5d798725d1d3988ebb",
        "type": "github"
      },
      "original": {
        "owner": "nix-community",
        "repo": "neovim-nightly-overlay",
        "type": "github"
      }
    },
    "nixpkgs": {
      "locked": {
        "lastModified": 1633706237,
        "narHash": "sha256-xNHCuo9g6r5ehf84YdJi39JJR2QCfeWic8xRc7WmcIY=",
        "owner": "nixos",
        "repo": "nixpkgs",
        "rev": "18d4025a8ee2f656d897505ccd0ba61a5b89bbea",
        "type": "github"
      },
      "original": {
        "owner": "nixos",
        "ref": "nixos-unstable",
        "repo": "nixpkgs",
        "type": "github"
      }
    },
    "nixpkgs_2": {
      "locked": {
        "lastModified": 1633329294,
        "narHash": "sha256-0LpQLS4KMgxslMgmDHmxG/5twFlXDBW9z4Or1iOrCvU=",
        "owner": "nixos",
        "repo": "nixpkgs",
        "rev": "ee084c02040e864eeeb4cf4f8538d92f7c675671",
        "type": "github"
      },
      "original": {
        "owner": "nixos",
        "ref": "nixpkgs-unstable",
        "repo": "nixpkgs",
        "type": "github"
      }
    },
    "nixpkgs_3": {
      "locked": {
        "lastModified": 1630481079,
        "narHash": "sha256-leWXLchbAbqOlLT6tju631G40SzQWPqaAXQG3zH1Imw=",
        "owner": "nixos",
        "repo": "nixpkgs",
        "rev": "110a2c9ebbf5d4a94486854f18a37a938cfacbbb",
        "type": "github"
      },
      "original": {
        "owner": "nixos",
        "ref": "nixos-21.05",
        "repo": "nixpkgs",
        "type": "github"
      }
    },
    "nixpkgs_4": {
      "locked": {
        "lastModified": 1613418107,
        "narHash": "sha256-UVG9gUzg9vZfmyLvz9pNUk1qxUWxHCZJWUULjlgxFTk=",
        "owner": "NixOS",
        "repo": "nixpkgs",
        "rev": "69d5df6303374e52f56eb57fa0ed38793ed03718",
        "type": "github"
      },
      "original": {
        "id": "nixpkgs",
        "type": "indirect"
      }
    },
    "rnix-lsp": {
      "inputs": {
        "naersk": "naersk",
        "nixpkgs": "nixpkgs_3",
        "utils": "utils"
      },
      "locked": {
        "lastModified": 1633237382,
        "narHash": "sha256-TvtykkGJPoMq5/ynsawuoN81VDnSl+UnHWmBiLqJb/Y=",
        "owner": "nix-community",
        "repo": "rnix-lsp",
        "rev": "ba47b015800a41118b203befc1b249a481429fdf",
        "type": "github"
      },
      "original": {
        "owner": "nix-community",
        "repo": "rnix-lsp",
        "type": "github"
      }
    },
    "root": {
      "inputs": {
        "home-manager": "home-manager",
        "neovim-nightly-overlay": "neovim-nightly-overlay",
        "nixpkgs": "nixpkgs_2",
        "rnix-lsp": "rnix-lsp",
        "treefmt": "treefmt"
      }
    },
    "treefmt": {
      "inputs": {
        "devshell": "devshell",
        "flake-utils": "flake-utils_2",
        "naersk": "naersk_2",
        "nixpkgs": "nixpkgs_4"
      },
      "locked": {
        "lastModified": 1633875944,
        "narHash": "sha256-mwb/yQJJGf6Gwa/BWWQQbfRx/0LQNivAR1iS1aL1dzE=",
        "owner": "numtide",
        "repo": "treefmt",
        "rev": "70990b3924cb19ab090e23854811913d0d7c1864",
        "type": "github"
      },
      "original": {
        "owner": "numtide",
        "repo": "treefmt",
        "type": "github"
      }
    },
    "utils": {
      "locked": {
        "lastModified": 1629481132,
        "narHash": "sha256-JHgasjPR0/J1J3DRm4KxM4zTyAj4IOJY8vIl75v/kPI=",
        "owner": "numtide",
        "repo": "flake-utils",
        "rev": "997f7efcb746a9c140ce1f13c72263189225f482",
        "type": "github"
      },
      "original": {
        "owner": "numtide",
        "repo": "flake-utils",
        "type": "github"
      }
    }
  },
  "root": "root",
  "version": 7
}
